
Microsoft Visual Studio Solution File, Format Version 12.00
# Visual Studio Version 17
VisualStudioVersion = 17.5.002.0
MinimumVisualStudioVersion = 10.0.40219.1
Project("{9A19103F-16F7-4668-BE54-9A1E7A4F7556}") = "ScreenSound", "ScreenSound.csproj", "{435277C2-09BF-4C33-A9EB-5EC6802ABFBC}"
EndProject
Global
	GlobalSection(SolutionConfigurationPlatforms) = preSolution
		Debug|Any CPU = Debug|Any CPU
		Release|Any CPU = Release|Any CPU
	EndGlobalSection
	GlobalSection(ProjectConfigurationPlatforms) = postSolution
		{435277C2-09BF-4C33-A9EB-5EC6802ABFBC}.Debug|Any CPU.ActiveCfg = Debug|Any CPU
		{435277C2-09BF-4C33-A9EB-5EC6802ABFBC}.Debug|Any CPU.Build.0 = Debug|Any CPU
		{435277C2-09BF-4C33-A9EB-5EC6802ABFBC}.Release|Any CPU.ActiveCfg = Release|Any CPU
		{435277C2-09BF-4C33-A9EB-5EC6802ABFBC}.Release|Any CPU.Build.0 = Release|Any CPU
	EndGlobalSection
	GlobalSection(SolutionProperties) = preSolution
		HideSolutionNode = FALSE
	EndGlobalSection
	GlobalSection(ExtensibilityGlobals) = postSolution
		SolutionGuid = {76EEFE17-66BB-4F0B-B05D-41F90EE0EB80}
	EndGlobalSection
EndGlobal
